
Microsoft Visual Studio Solution File, Format Version 12.00
# Visual Studio Version 16
VisualStudioVersion = 16.0.30517.126
MinimumVisualStudioVersion = 10.0.40219.1
Project("{2150E333-8FDC-42A3-9474-1A3956D46DE8}") = "src", "src", "{3A292DF7-47EF-4130-8CE2-909911053506}"
EndProject
Project("{FAE04EC0-301F-11D3-BF4B-00C04F79EFBC}") = "DockerTuto.Api", "src\DockerTuto.Api\DockerTuto.Api.csproj", "{C64533F5-A5EF-43FD-92A5-E6638FB9167A}"
EndProject
Project("{FAE04EC0-301F-11D3-BF4B-00C04F79EFBC}") = "DockerTuto.Core", "src\DockerTuto.Core\DockerTuto.Core.csproj", "{5EC26586-BEDD-4878-BB03-C4A237939F3B}"
EndProject
Global
	GlobalSection(SolutionConfigurationPlatforms) = preSolution
		Debug|Any CPU = Debug|Any CPU
		Release|Any CPU = Release|Any CPU
	EndGlobalSection
	GlobalSection(ProjectConfigurationPlatforms) = postSolution
		{C64533F5-A5EF-43FD-92A5-E6638FB9167A}.Debug|Any CPU.ActiveCfg = Debug|Any CPU
		{C64533F5-A5EF-43FD-92A5-E6638FB9167A}.Debug|Any CPU.Build.0 = Debug|Any CPU
		{C64533F5-A5EF-43FD-92A5-E6638FB9167A}.Release|Any CPU.ActiveCfg = Release|Any CPU
		{C64533F5-A5EF-43FD-92A5-E6638FB9167A}.Release|Any CPU.Build.0 = Release|Any CPU
		{5EC26586-BEDD-4878-BB03-C4A237939F3B}.Debug|Any CPU.ActiveCfg = Debug|Any CPU
		{5EC26586-BEDD-4878-BB03-C4A237939F3B}.Debug|Any CPU.Build.0 = Debug|Any CPU
		{5EC26586-BEDD-4878-BB03-C4A237939F3B}.Release|Any CPU.ActiveCfg = Release|Any CPU
		{5EC26586-BEDD-4878-BB03-C4A237939F3B}.Release|Any CPU.Build.0 = Release|Any CPU
	EndGlobalSection
	GlobalSection(SolutionProperties) = preSolution
		HideSolutionNode = FALSE
	EndGlobalSection
	GlobalSection(NestedProjects) = preSolution
		{C64533F5-A5EF-43FD-92A5-E6638FB9167A} = {3A292DF7-47EF-4130-8CE2-909911053506}
		{5EC26586-BEDD-4878-BB03-C4A237939F3B} = {3A292DF7-47EF-4130-8CE2-909911053506}
	EndGlobalSection
	GlobalSection(ExtensibilityGlobals) = postSolution
		SolutionGuid = {2826EE30-F544-4002-B059-4BA6BC172E42}
	EndGlobalSection
EndGlobal
